
Microsoft Visual Studio Solution File, Format Version 12.00
# Visual Studio Version 16
VisualStudioVersion = 16.0.31205.134
MinimumVisualStudioVersion = 10.0.40219.1
Project("{FAE04EC0-301F-11D3-BF4B-00C04F79EFBC}") = "Dll3_App", "Dll3_App\Dll3_App.csproj", "{BEED5FF4-A9AC-42CA-ADC6-8F7951E65CEE}"
EndProject
Global
	GlobalSection(SolutionConfigurationPlatforms) = preSolution
		Debug|Any CPU = Debug|Any CPU
		Release|Any CPU = Release|Any CPU
	EndGlobalSection
	GlobalSection(ProjectConfigurationPlatforms) = postSolution
		{BEED5FF4-A9AC-42CA-ADC6-8F7951E65CEE}.Debug|Any CPU.ActiveCfg = Debug|Any CPU
		{BEED5FF4-A9AC-42CA-ADC6-8F7951E65CEE}.Debug|Any CPU.Build.0 = Debug|Any CPU
		{BEED5FF4-A9AC-42CA-ADC6-8F7951E65CEE}.Release|Any CPU.ActiveCfg = Release|Any CPU
		{BEED5FF4-A9AC-42CA-ADC6-8F7951E65CEE}.Release|Any CPU.Build.0 = Release|Any CPU
	EndGlobalSection
	GlobalSection(SolutionProperties) = preSolution
		HideSolutionNode = FALSE
	EndGlobalSection
	GlobalSection(ExtensibilityGlobals) = postSolution
		SolutionGuid = {8AA65611-2223-48EB-A34B-CAFBDF4CF7A7}
	EndGlobalSection
EndGlobal
